
Microsoft Visual Studio Solution File, Format Version 12.00
# Visual Studio Version 17
VisualStudioVersion = 17.8.34525.116
MinimumVisualStudioVersion = 10.0.40219.1
Project("{2150E333-8FDC-42A3-9474-1A3956D46DE8}") = "Services", "Services", "{F13D7B02-2402-4468-BEBA-B1D764434CF6}"
EndProject
Project("{2150E333-8FDC-42A3-9474-1A3956D46DE8}") = "Catalog", "Catalog", "{DECFFAED-82A5-4A5F-8616-7A9905FA79A2}"
EndProject
Project("{9A19103F-16F7-4668-BE54-9A1E7A4F7556}") = "MultiShop.Catalog", "Services\Catalog\MultiShop.Catalog\MultiShop.Catalog.csproj", "{184951AD-B728-4C9E-8B38-689EBC4C520F}"
EndProject
Project("{2150E333-8FDC-42A3-9474-1A3956D46DE8}") = "Discount", "Discount", "{4FCF3442-F20E-4A6B-9080-32C53F9E6831}"
EndProject
Project("{9A19103F-16F7-4668-BE54-9A1E7A4F7556}") = "MultiShop.Discount", "Services\Discount\MultiShop.Discount\MultiShop.Discount.csproj", "{E0BCD86E-D276-406F-870A-219F644265E9}"
EndProject
Project("{2150E333-8FDC-42A3-9474-1A3956D46DE8}") = "Order", "Order", "{DF65EDD5-8E39-4A64-A843-8A1BF6265E10}"
EndProject
Project("{2150E333-8FDC-42A3-9474-1A3956D46DE8}") = "Core", "Core", "{8C131D01-D46E-4893-B281-A439415F03A7}"
EndProject
Project("{2150E333-8FDC-42A3-9474-1A3956D46DE8}") = "Infrastructure", "Infrastructure", "{B28EB324-FB86-4E53-8B38-6253097AD3F7}"
EndProject
Project("{2150E333-8FDC-42A3-9474-1A3956D46DE8}") = "Presentation", "Presentation", "{9D225D53-9718-4BCE-99A3-E15BB496626B}"
EndProject
Project("{9A19103F-16F7-4668-BE54-9A1E7A4F7556}") = "MultiShop.Order.Domain", "Services\Order\Core\MultiShop.Order.Domain\MultiShop.Order.Domain.csproj", "{D13C700C-C3C9-460F-AF48-F993957EB4DD}"
EndProject
Project("{9A19103F-16F7-4668-BE54-9A1E7A4F7556}") = "MultiShop.Order.Application", "Services\Order\Core\MultiShop.Order.Application\MultiShop.Order.Application.csproj", "{FEEC9723-97C7-4B19-8092-B2689B46C737}"
EndProject
Project("{9A19103F-16F7-4668-BE54-9A1E7A4F7556}") = "MultiShop.Order.Persistence", "Services\Order\Infrastructure\MultiShop.Order.Persistence\MultiShop.Order.Persistence.csproj", "{A975BBA5-60BF-4691-8EBB-06466BD41B15}"
EndProject
Project("{9A19103F-16F7-4668-BE54-9A1E7A4F7556}") = "MultiShop.Order.WebApi", "Services\Order\Presentation\MultiShop.Order.WebApi\MultiShop.Order.WebApi.csproj", "{B0E8DD5D-1A9B-4642-B700-55B1CBAAFB5C}"
EndProject
Project("{2150E333-8FDC-42A3-9474-1A3956D46DE8}") = "IdentityServer", "IdentityServer", "{D717EAF1-F25B-4D78-BD12-705DA9017FE7}"
EndProject
Project("{9A19103F-16F7-4668-BE54-9A1E7A4F7556}") = "MultiShop.IdentityServer", "IdentityServer\MultiShop.IdentityServer\MultiShop.IdentityServer.csproj", "{04E4FBDD-7CAF-4D52-99F3-DD307F58C85E}"
EndProject
Global
	GlobalSection(SolutionConfigurationPlatforms) = preSolution
		Debug|Any CPU = Debug|Any CPU
		Release|Any CPU = Release|Any CPU
	EndGlobalSection
	GlobalSection(ProjectConfigurationPlatforms) = postSolution
		{184951AD-B728-4C9E-8B38-689EBC4C520F}.Debug|Any CPU.ActiveCfg = Debug|Any CPU
		{184951AD-B728-4C9E-8B38-689EBC4C520F}.Debug|Any CPU.Build.0 = Debug|Any CPU
		{184951AD-B728-4C9E-8B38-689EBC4C520F}.Release|Any CPU.ActiveCfg = Release|Any CPU
		{184951AD-B728-4C9E-8B38-689EBC4C520F}.Release|Any CPU.Build.0 = Release|Any CPU
		{E0BCD86E-D276-406F-870A-219F644265E9}.Debug|Any CPU.ActiveCfg = Debug|Any CPU
		{E0BCD86E-D276-406F-870A-219F644265E9}.Debug|Any CPU.Build.0 = Debug|Any CPU
		{E0BCD86E-D276-406F-870A-219F644265E9}.Release|Any CPU.ActiveCfg = Release|Any CPU
		{E0BCD86E-D276-406F-870A-219F644265E9}.Release|Any CPU.Build.0 = Release|Any CPU
		{D13C700C-C3C9-460F-AF48-F993957EB4DD}.Debug|Any CPU.ActiveCfg = Debug|Any CPU
		{D13C700C-C3C9-460F-AF48-F993957EB4DD}.Debug|Any CPU.Build.0 = Debug|Any CPU
		{D13C700C-C3C9-460F-AF48-F993957EB4DD}.Release|Any CPU.ActiveCfg = Release|Any CPU
		{D13C700C-C3C9-460F-AF48-F993957EB4DD}.Release|Any CPU.Build.0 = Release|Any CPU
		{FEEC9723-97C7-4B19-8092-B2689B46C737}.Debug|Any CPU.ActiveCfg = Debug|Any CPU
		{FEEC9723-97C7-4B19-8092-B2689B46C737}.Debug|Any CPU.Build.0 = Debug|Any CPU
		{FEEC9723-97C7-4B19-8092-B2689B46C737}.Release|Any CPU.ActiveCfg = Release|Any CPU
		{FEEC9723-97C7-4B19-8092-B2689B46C737}.Release|Any CPU.Build.0 = Release|Any CPU
		{A975BBA5-60BF-4691-8EBB-06466BD41B15}.Debug|Any CPU.ActiveCfg = Debug|Any CPU
		{A975BBA5-60BF-4691-8EBB-06466BD41B15}.Debug|Any CPU.Build.0 = Debug|Any CPU
		{A975BBA5-60BF-4691-8EBB-06466BD41B15}.Release|Any CPU.ActiveCfg = Release|Any CPU
		{A975BBA5-60BF-4691-8EBB-06466BD41B15}.Release|Any CPU.Build.0 = Release|Any CPU
		{B0E8DD5D-1A9B-4642-B700-55B1CBAAFB5C}.Debug|Any CPU.ActiveCfg = Debug|Any CPU
		{B0E8DD5D-1A9B-4642-B700-55B1CBAAFB5C}.Debug|Any CPU.Build.0 = Debug|Any CPU
		{B0E8DD5D-1A9B-4642-B700-55B1CBAAFB5C}.Release|Any CPU.ActiveCfg = Release|Any CPU
		{B0E8DD5D-1A9B-4642-B700-55B1CBAAFB5C}.Release|Any CPU.Build.0 = Release|Any CPU
		{04E4FBDD-7CAF-4D52-99F3-DD307F58C85E}.Debug|Any CPU.ActiveCfg = Debug|Any CPU
		{04E4FBDD-7CAF-4D52-99F3-DD307F58C85E}.Debug|Any CPU.Build.0 = Debug|Any CPU
		{04E4FBDD-7CAF-4D52-99F3-DD307F58C85E}.Release|Any CPU.ActiveCfg = Release|Any CPU
		{04E4FBDD-7CAF-4D52-99F3-DD307F58C85E}.Release|Any CPU.Build.0 = Release|Any CPU
	EndGlobalSection
	GlobalSection(SolutionProperties) = preSolution
		HideSolutionNode = FALSE
	EndGlobalSection
	GlobalSection(NestedProjects) = preSolution
		{DECFFAED-82A5-4A5F-8616-7A9905FA79A2} = {F13D7B02-2402-4468-BEBA-B1D764434CF6}
		{184951AD-B728-4C9E-8B38-689EBC4C520F} = {DECFFAED-82A5-4A5F-8616-7A9905FA79A2}
		{4FCF3442-F20E-4A6B-9080-32C53F9E6831} = {F13D7B02-2402-4468-BEBA-B1D764434CF6}
		{E0BCD86E-D276-406F-870A-219F644265E9} = {4FCF3442-F20E-4A6B-9080-32C53F9E6831}
		{DF65EDD5-8E39-4A64-A843-8A1BF6265E10} = {F13D7B02-2402-4468-BEBA-B1D764434CF6}
		{8C131D01-D46E-4893-B281-A439415F03A7} = {DF65EDD5-8E39-4A64-A843-8A1BF6265E10}
		{B28EB324-FB86-4E53-8B38-6253097AD3F7} = {DF65EDD5-8E39-4A64-A843-8A1BF6265E10}
		{9D225D53-9718-4BCE-99A3-E15BB496626B} = {DF65EDD5-8E39-4A64-A843-8A1BF6265E10}
		{D13C700C-C3C9-460F-AF48-F993957EB4DD} = {8C131D01-D46E-4893-B281-A439415F03A7}
		{FEEC9723-97C7-4B19-8092-B2689B46C737} = {8C131D01-D46E-4893-B281-A439415F03A7}
		{A975BBA5-60BF-4691-8EBB-06466BD41B15} = {B28EB324-FB86-4E53-8B38-6253097AD3F7}
		{B0E8DD5D-1A9B-4642-B700-55B1CBAAFB5C} = {9D225D53-9718-4BCE-99A3-E15BB496626B}
		{04E4FBDD-7CAF-4D52-99F3-DD307F58C85E} = {D717EAF1-F25B-4D78-BD12-705DA9017FE7}
	EndGlobalSection
	GlobalSection(ExtensibilityGlobals) = postSolution
		SolutionGuid = {CB597594-5983-475A-97EC-2B65952CCDB4}
	EndGlobalSection
EndGlobal
